{
    "_readme": [
        "This file locks the dependencies of your project to a known state",
        "Read more about it at https://getcomposer.org/doc/01-basic-usage.md#installing-dependencies",
        "This file is @generated automatically"
    ],
    "content-hash": "1e24b0e628d5bbcbbed9d1a3b720e214",
    "packages": [
        {
            "name": "ocallit/sqler",
            "version": "1.0.7",
            "source": {
                "type": "git",
                "url": "https://github.com/ocallit/Sqler.git",
                "reference": "e3ee0737c66b7515c007d6c1248937df534cc7b6"
            },
            "dist": {
                "type": "zip",
                "url": "https://api.github.com/repos/ocallit/Sqler/zipball/e3ee0737c66b7515c007d6c1248937df534cc7b6",
                "reference": "e3ee0737c66b7515c007d6c1248937df534cc7b6",
                "shasum": ""
            },
            "require": {
                "ext-mysqli": "*",
                "php": "^8.2"
            },
            "type": "library",
            "autoload": {
                "psr-4": {
                    "Ocallit\\Sqler\\": "src/"
                }
            },
            "notification-url": "https://packagist.org/downloads/",
            "license": [
                "MIT"
            ],
            "description": "A php sql builder, helpers and mysqli wrapper",
            "support": {
                "issues": "https://github.com/ocallit/Sqler/issues",
                "source": "https://github.com/ocallit/Sqler/tree/1.0.7"
            },
            "time": "2025-04-01T11:40:17+00:00"
        }
    ],
    "packages-dev": [],
    "aliases": [],
    "minimum-stability": "stable",
    "stability-flags": {},
    "prefer-stable": false,
    "prefer-lowest": false,
    "platform": {
        "php": ">=8.2"
    },
    "platform-dev": {},
    "plugin-api-version": "2.6.0"
}
