{
    "_readme": [
        "This file locks the dependencies of your project to a known state",
        "Read more about it at https://getcomposer.org/doc/01-basic-usage.md#installing-dependencies",
        "This file is @generated automatically"
    ],
    "content-hash": "3e4857ae1667c5b6293e5119bd627870",
    "packages": [
        {
            "name": "ocallit/sqler",
            "version": "1.11.1",
            "source": {
                "type": "git",
                "url": "https://github.com/ocallit/Sqler.git",
                "reference": "802ea0a7e04fcfcc33189253838b9558d9f50a32"
            },
            "dist": {
                "type": "zip",
                "url": "https://api.github.com/repos/ocallit/Sqler/zipball/802ea0a7e04fcfcc33189253838b9558d9f50a32",
                "reference": "802ea0a7e04fcfcc33189253838b9558d9f50a32",
                "shasum": ""
            },
            "require": {
                "ext-mysqli": "*",
                "php": "^8.2"
            },
            "type": "library",
            "autoload": {
                "psr-4": {
                    "Ocallit\\Sqler\\": "src/"
                }
            },
            "notification-url": "https://packagist.org/downloads/",
            "license": [
                "MIT"
            ],
            "description": "A php sql builder, helpers and mysqli wrapper",
            "support": {
                "issues": "https://github.com/ocallit/Sqler/issues",
                "source": "https://github.com/ocallit/Sqler/tree/1.11.1"
            },
            "time": "2025-06-10T02:44:27+00:00"
        }
    ],
    "packages-dev": [],
    "aliases": [],
    "minimum-stability": "stable",
    "stability-flags": {},
    "prefer-stable": false,
    "prefer-lowest": false,
    "platform": {
        "php": ">=8.3",
        "ext-mysqli": "*"
    },
    "platform-dev": {},
    "plugin-api-version": "2.6.0"
}
